
Microsoft Visual Studio Solution File, Format Version 12.00
# Visual Studio 15
Project("{FAE04EC0-301F-11D3-BF4B-00C04F79EFBC}") = "QFSW.QC", "QFSW.QC.csproj", "{77253423-1907-7870-1DB7-C6D716C819C5}"
EndProject
Project("{FAE04EC0-301F-11D3-BF4B-00C04F79EFBC}") = "QFSW.QC.Grammar", "QFSW.QC.Grammar.csproj", "{9114CAFC-9B09-536D-003A-09035E8BEA83}"
EndProject
Project("{FAE04EC0-301F-11D3-BF4B-00C04F79EFBC}") = "QFSW.QC.Extras", "QFSW.QC.Extras.csproj", "{8F9E1B68-0BA6-3783-AC2F-FD9DC6CC5801}"
EndProject
Project("{FAE04EC0-301F-11D3-BF4B-00C04F79EFBC}") = "QFSW.QC.Suggestors", "QFSW.QC.Suggestors.csproj", "{2D4F1722-F26B-45D6-3DF3-92123C4C33BC}"
EndProject
Project("{FAE04EC0-301F-11D3-BF4B-00C04F79EFBC}") = "QFSW.QC.Editor", "QFSW.QC.Editor.csproj", "{B2BDEEB0-2DA6-7B7C-FB51-F25DEE6F68FE}"
EndProject
Project("{FAE04EC0-301F-11D3-BF4B-00C04F79EFBC}") = "QFSW.QC.Parsers", "QFSW.QC.Parsers.csproj", "{E67E002A-F0F6-A2BC-0599-ED471895AD94}"
EndProject
Project("{FAE04EC0-301F-11D3-BF4B-00C04F79EFBC}") = "QFSW.QC.QGUI", "QFSW.QC.QGUI.csproj", "{B123E519-DF1B-D13F-7EA1-D4B871B3B323}"
EndProject
Project("{FAE04EC0-301F-11D3-BF4B-00C04F79EFBC}") = "QFSW.QC.Demo", "QFSW.QC.Demo.csproj", "{CF38F872-DB2C-9845-F619-0B4E7EE541E7}"
EndProject
Project("{FAE04EC0-301F-11D3-BF4B-00C04F79EFBC}") = "QFSW.QC.Editor.Tools", "QFSW.QC.Editor.Tools.csproj", "{6838842F-B62F-0006-6EE1-A8D41390D925}"
EndProject
Project("{FAE04EC0-301F-11D3-BF4B-00C04F79EFBC}") = "QFSW.QC.Serializers", "QFSW.QC.Serializers.csproj", "{7D43F507-255F-38EC-7B6F-959182FE4125}"
EndProject
Project("{FAE04EC0-301F-11D3-BF4B-00C04F79EFBC}") = "QFSW.QC.UI", "QFSW.QC.UI.csproj", "{5C60D389-CB59-A762-1CF5-F6A0518D7D3D}"
EndProject
Project("{FAE04EC0-301F-11D3-BF4B-00C04F79EFBC}") = "QFSW.QC.ScanRules", "QFSW.QC.ScanRules.csproj", "{1E310DA8-607B-5BC2-D95C-6B304B1C6BC1}"
EndProject
Project("{FAE04EC0-301F-11D3-BF4B-00C04F79EFBC}") = "Assembly-CSharp-Editor", "Assembly-CSharp-Editor.csproj", "{8B7B3325-B9C0-BE99-013A-10C29A62D9AA}"
EndProject
Project("{FAE04EC0-301F-11D3-BF4B-00C04F79EFBC}") = "Assembly-CSharp", "Assembly-CSharp.csproj", "{3B9583C3-6933-369D-0408-C9C4B0538C28}"
EndProject
Project("{FAE04EC0-301F-11D3-BF4B-00C04F79EFBC}") = "QFSW.QC", "QFSW.QC.Player.csproj", "{E8019954-D664-263B-228E-37419B504FEB}"
EndProject
Project("{FAE04EC0-301F-11D3-BF4B-00C04F79EFBC}") = "QFSW.QC.Grammar", "QFSW.QC.Grammar.Player.csproj", "{137B1A49-2617-7994-A48C-9C2BBF6C7481}"
EndProject
Project("{FAE04EC0-301F-11D3-BF4B-00C04F79EFBC}") = "QFSW.QC.Extras", "QFSW.QC.Extras.Player.csproj", "{12608ECF-DC74-B583-7BAD-780A35D0104A}"
EndProject
Project("{FAE04EC0-301F-11D3-BF4B-00C04F79EFBC}") = "QFSW.QC.Suggestors", "QFSW.QC.Suggestors.Player.csproj", "{D0689C5E-18C1-E684-0C50-48CEE649BE53}"
EndProject
Project("{FAE04EC0-301F-11D3-BF4B-00C04F79EFBC}") = "QFSW.QC.Parsers", "QFSW.QC.Parsers.Player.csproj", "{687A69BD-49C6-2C45-6144-86E927366863}"
EndProject
Project("{FAE04EC0-301F-11D3-BF4B-00C04F79EFBC}") = "QFSW.QC.Demo", "QFSW.QC.Demo.Player.csproj", "{E0F157EA-08D8-27E6-225B-B5D21806C694}"
EndProject
Project("{FAE04EC0-301F-11D3-BF4B-00C04F79EFBC}") = "QFSW.QC.Serializers", "QFSW.QC.Serializers.Player.csproj", "{17278EF4-D28A-4744-2EB6-5F9FCDDAB8E2}"
EndProject
Project("{FAE04EC0-301F-11D3-BF4B-00C04F79EFBC}") = "QFSW.QC.UI", "QFSW.QC.UI.Player.csproj", "{47DC32D7-1EB2-C55F-24B2-73A7D1764616}"
EndProject
Project("{FAE04EC0-301F-11D3-BF4B-00C04F79EFBC}") = "QFSW.QC.ScanRules", "QFSW.QC.ScanRules.Player.csproj", "{06F29951-732F-7C96-BD5E-EF4FE7C4DE38}"
EndProject
Project("{FAE04EC0-301F-11D3-BF4B-00C04F79EFBC}") = "Assembly-CSharp", "Assembly-CSharp.Player.csproj", "{E4162830-3E67-0A72-774E-01B44A701AC3}"
EndProject
Global
	GlobalSection(SolutionConfigurationPlatforms) = preSolution
		Debug|Any CPU = Debug|Any CPU
		Release|Any CPU = Release|Any CPU
	EndGlobalSection
	GlobalSection(ProjectConfigurationPlatforms) = postSolution
		{77253423-1907-7870-1DB7-C6D716C819C5}.Debug|Any CPU.ActiveCfg = Debug|Any CPU
		{77253423-1907-7870-1DB7-C6D716C819C5}.Debug|Any CPU.Build.0 = Debug|Any CPU
		{77253423-1907-7870-1DB7-C6D716C819C5}.Release|Any CPU.ActiveCfg = Release|Any CPU
		{77253423-1907-7870-1DB7-C6D716C819C5}.Release|Any CPU.Build.0 = Release|Any CPU
		{9114CAFC-9B09-536D-003A-09035E8BEA83}.Debug|Any CPU.ActiveCfg = Debug|Any CPU
		{9114CAFC-9B09-536D-003A-09035E8BEA83}.Debug|Any CPU.Build.0 = Debug|Any CPU
		{9114CAFC-9B09-536D-003A-09035E8BEA83}.Release|Any CPU.ActiveCfg = Release|Any CPU
		{9114CAFC-9B09-536D-003A-09035E8BEA83}.Release|Any CPU.Build.0 = Release|Any CPU
		{8F9E1B68-0BA6-3783-AC2F-FD9DC6CC5801}.Debug|Any CPU.ActiveCfg = Debug|Any CPU
		{8F9E1B68-0BA6-3783-AC2F-FD9DC6CC5801}.Debug|Any CPU.Build.0 = Debug|Any CPU
		{8F9E1B68-0BA6-3783-AC2F-FD9DC6CC5801}.Release|Any CPU.ActiveCfg = Release|Any CPU
		{8F9E1B68-0BA6-3783-AC2F-FD9DC6CC5801}.Release|Any CPU.Build.0 = Release|Any CPU
		{2D4F1722-F26B-45D6-3DF3-92123C4C33BC}.Debug|Any CPU.ActiveCfg = Debug|Any CPU
		{2D4F1722-F26B-45D6-3DF3-92123C4C33BC}.Debug|Any CPU.Build.0 = Debug|Any CPU
		{2D4F1722-F26B-45D6-3DF3-92123C4C33BC}.Release|Any CPU.ActiveCfg = Release|Any CPU
		{2D4F1722-F26B-45D6-3DF3-92123C4C33BC}.Release|Any CPU.Build.0 = Release|Any CPU
		{B2BDEEB0-2DA6-7B7C-FB51-F25DEE6F68FE}.Debug|Any CPU.ActiveCfg = Debug|Any CPU
		{B2BDEEB0-2DA6-7B7C-FB51-F25DEE6F68FE}.Debug|Any CPU.Build.0 = Debug|Any CPU
		{B2BDEEB0-2DA6-7B7C-FB51-F25DEE6F68FE}.Release|Any CPU.ActiveCfg = Release|Any CPU
		{B2BDEEB0-2DA6-7B7C-FB51-F25DEE6F68FE}.Release|Any CPU.Build.0 = Release|Any CPU
		{E67E002A-F0F6-A2BC-0599-ED471895AD94}.Debug|Any CPU.ActiveCfg = Debug|Any CPU
		{E67E002A-F0F6-A2BC-0599-ED471895AD94}.Debug|Any CPU.Build.0 = Debug|Any CPU
		{E67E002A-F0F6-A2BC-0599-ED471895AD94}.Release|Any CPU.ActiveCfg = Release|Any CPU
		{E67E002A-F0F6-A2BC-0599-ED471895AD94}.Release|Any CPU.Build.0 = Release|Any CPU
		{B123E519-DF1B-D13F-7EA1-D4B871B3B323}.Debug|Any CPU.ActiveCfg = Debug|Any CPU
		{B123E519-DF1B-D13F-7EA1-D4B871B3B323}.Debug|Any CPU.Build.0 = Debug|Any CPU
		{B123E519-DF1B-D13F-7EA1-D4B871B3B323}.Release|Any CPU.ActiveCfg = Release|Any CPU
		{B123E519-DF1B-D13F-7EA1-D4B871B3B323}.Release|Any CPU.Build.0 = Release|Any CPU
		{CF38F872-DB2C-9845-F619-0B4E7EE541E7}.Debug|Any CPU.ActiveCfg = Debug|Any CPU
		{CF38F872-DB2C-9845-F619-0B4E7EE541E7}.Debug|Any CPU.Build.0 = Debug|Any CPU
		{CF38F872-DB2C-9845-F619-0B4E7EE541E7}.Release|Any CPU.ActiveCfg = Release|Any CPU
		{CF38F872-DB2C-9845-F619-0B4E7EE541E7}.Release|Any CPU.Build.0 = Release|Any CPU
		{6838842F-B62F-0006-6EE1-A8D41390D925}.Debug|Any CPU.ActiveCfg = Debug|Any CPU
		{6838842F-B62F-0006-6EE1-A8D41390D925}.Debug|Any CPU.Build.0 = Debug|Any CPU
		{6838842F-B62F-0006-6EE1-A8D41390D925}.Release|Any CPU.ActiveCfg = Release|Any CPU
		{6838842F-B62F-0006-6EE1-A8D41390D925}.Release|Any CPU.Build.0 = Release|Any CPU
		{7D43F507-255F-38EC-7B6F-959182FE4125}.Debug|Any CPU.ActiveCfg = Debug|Any CPU
		{7D43F507-255F-38EC-7B6F-959182FE4125}.Debug|Any CPU.Build.0 = Debug|Any CPU
		{7D43F507-255F-38EC-7B6F-959182FE4125}.Release|Any CPU.ActiveCfg = Release|Any CPU
		{7D43F507-255F-38EC-7B6F-959182FE4125}.Release|Any CPU.Build.0 = Release|Any CPU
		{5C60D389-CB59-A762-1CF5-F6A0518D7D3D}.Debug|Any CPU.ActiveCfg = Debug|Any CPU
		{5C60D389-CB59-A762-1CF5-F6A0518D7D3D}.Debug|Any CPU.Build.0 = Debug|Any CPU
		{5C60D389-CB59-A762-1CF5-F6A0518D7D3D}.Release|Any CPU.ActiveCfg = Release|Any CPU
		{5C60D389-CB59-A762-1CF5-F6A0518D7D3D}.Release|Any CPU.Build.0 = Release|Any CPU
		{1E310DA8-607B-5BC2-D95C-6B304B1C6BC1}.Debug|Any CPU.ActiveCfg = Debug|Any CPU
		{1E310DA8-607B-5BC2-D95C-6B304B1C6BC1}.Debug|Any CPU.Build.0 = Debug|Any CPU
		{1E310DA8-607B-5BC2-D95C-6B304B1C6BC1}.Release|Any CPU.ActiveCfg = Release|Any CPU
		{1E310DA8-607B-5BC2-D95C-6B304B1C6BC1}.Release|Any CPU.Build.0 = Release|Any CPU
		{8B7B3325-B9C0-BE99-013A-10C29A62D9AA}.Debug|Any CPU.ActiveCfg = Debug|Any CPU
		{8B7B3325-B9C0-BE99-013A-10C29A62D9AA}.Debug|Any CPU.Build.0 = Debug|Any CPU
		{8B7B3325-B9C0-BE99-013A-10C29A62D9AA}.Release|Any CPU.ActiveCfg = Release|Any CPU
		{8B7B3325-B9C0-BE99-013A-10C29A62D9AA}.Release|Any CPU.Build.0 = Release|Any CPU
		{3B9583C3-6933-369D-0408-C9C4B0538C28}.Debug|Any CPU.ActiveCfg = Debug|Any CPU
		{3B9583C3-6933-369D-0408-C9C4B0538C28}.Debug|Any CPU.Build.0 = Debug|Any CPU
		{3B9583C3-6933-369D-0408-C9C4B0538C28}.Release|Any CPU.ActiveCfg = Release|Any CPU
		{3B9583C3-6933-369D-0408-C9C4B0538C28}.Release|Any CPU.Build.0 = Release|Any CPU
		{E8019954-D664-263B-228E-37419B504FEB}.Debug|Any CPU.ActiveCfg = Debug|Any CPU
		{E8019954-D664-263B-228E-37419B504FEB}.Debug|Any CPU.Build.0 = Debug|Any CPU
		{E8019954-D664-263B-228E-37419B504FEB}.Release|Any CPU.ActiveCfg = Release|Any CPU
		{E8019954-D664-263B-228E-37419B504FEB}.Release|Any CPU.Build.0 = Release|Any CPU
		{137B1A49-2617-7994-A48C-9C2BBF6C7481}.Debug|Any CPU.ActiveCfg = Debug|Any CPU
		{137B1A49-2617-7994-A48C-9C2BBF6C7481}.Debug|Any CPU.Build.0 = Debug|Any CPU
		{137B1A49-2617-7994-A48C-9C2BBF6C7481}.Release|Any CPU.ActiveCfg = Release|Any CPU
		{137B1A49-2617-7994-A48C-9C2BBF6C7481}.Release|Any CPU.Build.0 = Release|Any CPU
		{12608ECF-DC74-B583-7BAD-780A35D0104A}.Debug|Any CPU.ActiveCfg = Debug|Any CPU
		{12608ECF-DC74-B583-7BAD-780A35D0104A}.Debug|Any CPU.Build.0 = Debug|Any CPU
		{12608ECF-DC74-B583-7BAD-780A35D0104A}.Release|Any CPU.ActiveCfg = Release|Any CPU
		{12608ECF-DC74-B583-7BAD-780A35D0104A}.Release|Any CPU.Build.0 = Release|Any CPU
		{D0689C5E-18C1-E684-0C50-48CEE649BE53}.Debug|Any CPU.ActiveCfg = Debug|Any CPU
		{D0689C5E-18C1-E684-0C50-48CEE649BE53}.Debug|Any CPU.Build.0 = Debug|Any CPU
		{D0689C5E-18C1-E684-0C50-48CEE649BE53}.Release|Any CPU.ActiveCfg = Release|Any CPU
		{D0689C5E-18C1-E684-0C50-48CEE649BE53}.Release|Any CPU.Build.0 = Release|Any CPU
		{687A69BD-49C6-2C45-6144-86E927366863}.Debug|Any CPU.ActiveCfg = Debug|Any CPU
		{687A69BD-49C6-2C45-6144-86E927366863}.Debug|Any CPU.Build.0 = Debug|Any CPU
		{687A69BD-49C6-2C45-6144-86E927366863}.Release|Any CPU.ActiveCfg = Release|Any CPU
		{687A69BD-49C6-2C45-6144-86E927366863}.Release|Any CPU.Build.0 = Release|Any CPU
		{E0F157EA-08D8-27E6-225B-B5D21806C694}.Debug|Any CPU.ActiveCfg = Debug|Any CPU
		{E0F157EA-08D8-27E6-225B-B5D21806C694}.Debug|Any CPU.Build.0 = Debug|Any CPU
		{E0F157EA-08D8-27E6-225B-B5D21806C694}.Release|Any CPU.ActiveCfg = Release|Any CPU
		{E0F157EA-08D8-27E6-225B-B5D21806C694}.Release|Any CPU.Build.0 = Release|Any CPU
		{17278EF4-D28A-4744-2EB6-5F9FCDDAB8E2}.Debug|Any CPU.ActiveCfg = Debug|Any CPU
		{17278EF4-D28A-4744-2EB6-5F9FCDDAB8E2}.Debug|Any CPU.Build.0 = Debug|Any CPU
		{17278EF4-D28A-4744-2EB6-5F9FCDDAB8E2}.Release|Any CPU.ActiveCfg = Release|Any CPU
		{17278EF4-D28A-4744-2EB6-5F9FCDDAB8E2}.Release|Any CPU.Build.0 = Release|Any CPU
		{47DC32D7-1EB2-C55F-24B2-73A7D1764616}.Debug|Any CPU.ActiveCfg = Debug|Any CPU
		{47DC32D7-1EB2-C55F-24B2-73A7D1764616}.Debug|Any CPU.Build.0 = Debug|Any CPU
		{47DC32D7-1EB2-C55F-24B2-73A7D1764616}.Release|Any CPU.ActiveCfg = Release|Any CPU
		{47DC32D7-1EB2-C55F-24B2-73A7D1764616}.Release|Any CPU.Build.0 = Release|Any CPU
		{06F29951-732F-7C96-BD5E-EF4FE7C4DE38}.Debug|Any CPU.ActiveCfg = Debug|Any CPU
		{06F29951-732F-7C96-BD5E-EF4FE7C4DE38}.Debug|Any CPU.Build.0 = Debug|Any CPU
		{06F29951-732F-7C96-BD5E-EF4FE7C4DE38}.Release|Any CPU.ActiveCfg = Release|Any CPU
		{06F29951-732F-7C96-BD5E-EF4FE7C4DE38}.Release|Any CPU.Build.0 = Release|Any CPU
		{E4162830-3E67-0A72-774E-01B44A701AC3}.Debug|Any CPU.ActiveCfg = Debug|Any CPU
		{E4162830-3E67-0A72-774E-01B44A701AC3}.Debug|Any CPU.Build.0 = Debug|Any CPU
		{E4162830-3E67-0A72-774E-01B44A701AC3}.Release|Any CPU.ActiveCfg = Release|Any CPU
		{E4162830-3E67-0A72-774E-01B44A701AC3}.Release|Any CPU.Build.0 = Release|Any CPU
	EndGlobalSection
	GlobalSection(SolutionProperties) = preSolution
		HideSolutionNode = FALSE
	EndGlobalSection
EndGlobal
